
Microsoft Visual Studio Solution File, Format Version 12.00
# Visual Studio 15
VisualStudioVersion = 15.0.28307.106
MinimumVisualStudioVersion = 10.0.40219.1
Project("{8BC9CEB8-8B4A-11D0-8D11-00A0C91BC942}") = "C程序设计谭版题目6", "C程序设计谭版题目6\C程序设计谭版题目6.vcxproj", "{B2BA9B04-1B35-471B-94B7-7920FB0A14A6}"
EndProject
Global
	GlobalSection(SolutionConfigurationPlatforms) = preSolution
		Debug|x64 = Debug|x64
		Debug|x86 = Debug|x86
		Release|x64 = Release|x64
		Release|x86 = Release|x86
	EndGlobalSection
	GlobalSection(ProjectConfigurationPlatforms) = postSolution
		{B2BA9B04-1B35-471B-94B7-7920FB0A14A6}.Debug|x64.ActiveCfg = Debug|x64
		{B2BA9B04-1B35-471B-94B7-7920FB0A14A6}.Debug|x64.Build.0 = Debug|x64
		{B2BA9B04-1B35-471B-94B7-7920FB0A14A6}.Debug|x86.ActiveCfg = Debug|Win32
		{B2BA9B04-1B35-471B-94B7-7920FB0A14A6}.Debug|x86.Build.0 = Debug|Win32
		{B2BA9B04-1B35-471B-94B7-7920FB0A14A6}.Release|x64.ActiveCfg = Release|x64
		{B2BA9B04-1B35-471B-94B7-7920FB0A14A6}.Release|x64.Build.0 = Release|x64
		{B2BA9B04-1B35-471B-94B7-7920FB0A14A6}.Release|x86.ActiveCfg = Release|Win32
		{B2BA9B04-1B35-471B-94B7-7920FB0A14A6}.Release|x86.Build.0 = Release|Win32
	EndGlobalSection
	GlobalSection(SolutionProperties) = preSolution
		HideSolutionNode = FALSE
	EndGlobalSection
	GlobalSection(ExtensibilityGlobals) = postSolution
		SolutionGuid = {B0084A9B-0E06-48BF-96D3-D4194CEB3AE3}
	EndGlobalSection
EndGlobal
