
Microsoft Visual Studio Solution File, Format Version 12.00
# Visual Studio 15
VisualStudioVersion = 15.0.28307.106
MinimumVisualStudioVersion = 10.0.40219.1
Project("{8BC9CEB8-8B4A-11D0-8D11-00A0C91BC942}") = "指针和数组笔试题", "指针和数组笔试题\指针和数组笔试题.vcxproj", "{4DEBAB93-8177-40FD-AF91-7B9A7B5A9FFC}"
EndProject
Global
	GlobalSection(SolutionConfigurationPlatforms) = preSolution
		Debug|x64 = Debug|x64
		Debug|x86 = Debug|x86
		Release|x64 = Release|x64
		Release|x86 = Release|x86
	EndGlobalSection
	GlobalSection(ProjectConfigurationPlatforms) = postSolution
		{4DEBAB93-8177-40FD-AF91-7B9A7B5A9FFC}.Debug|x64.ActiveCfg = Debug|x64
		{4DEBAB93-8177-40FD-AF91-7B9A7B5A9FFC}.Debug|x64.Build.0 = Debug|x64
		{4DEBAB93-8177-40FD-AF91-7B9A7B5A9FFC}.Debug|x86.ActiveCfg = Debug|Win32
		{4DEBAB93-8177-40FD-AF91-7B9A7B5A9FFC}.Debug|x86.Build.0 = Debug|Win32
		{4DEBAB93-8177-40FD-AF91-7B9A7B5A9FFC}.Release|x64.ActiveCfg = Release|x64
		{4DEBAB93-8177-40FD-AF91-7B9A7B5A9FFC}.Release|x64.Build.0 = Release|x64
		{4DEBAB93-8177-40FD-AF91-7B9A7B5A9FFC}.Release|x86.ActiveCfg = Release|Win32
		{4DEBAB93-8177-40FD-AF91-7B9A7B5A9FFC}.Release|x86.Build.0 = Release|Win32
	EndGlobalSection
	GlobalSection(SolutionProperties) = preSolution
		HideSolutionNode = FALSE
	EndGlobalSection
	GlobalSection(ExtensibilityGlobals) = postSolution
		SolutionGuid = {786FEC36-5956-4CA6-9E62-83AF6CFD9E56}
	EndGlobalSection
EndGlobal
